
Microsoft Visual Studio Solution File, Format Version 12.00
# Visual Studio Version 17
VisualStudioVersion = 17.5.33209.295
MinimumVisualStudioVersion = 10.0.40219.1
Project("{2150E333-8FDC-42A3-9474-1A3956D46DE8}") = "API", "API", "{9BDE4205-3F50-44ED-9DAF-283F7E9D6E30}"
EndProject
Project("{9A19103F-16F7-4668-BE54-9A1E7A4F7556}") = "Hotel.API", "Hotel.API\Hotel.API.csproj", "{1CDBCFE5-FDDC-44CA-89C4-9042A5DB96E6}"
EndProject
Project("{2150E333-8FDC-42A3-9474-1A3956D46DE8}") = "Application", "Application", "{2C521FE1-D0DB-4BEB-83D7-F453452F8AAF}"
EndProject
Project("{2150E333-8FDC-42A3-9474-1A3956D46DE8}") = "CQRS", "CQRS", "{5C665964-7CB4-4B27-85F4-86CA9B8A7FF3}"
EndProject
Project("{2150E333-8FDC-42A3-9474-1A3956D46DE8}") = "Reader", "Reader", "{3E241A5A-7FEE-4746-83CC-A8C2DAEC4D9A}"
EndProject
Project("{9A19103F-16F7-4668-BE54-9A1E7A4F7556}") = "Hotel.Querys", "Hotel.Querys\Hotel.Querys.csproj", "{0E1F3A2C-4485-4A33-A734-87BF74B18F3E}"
EndProject
Project("{2150E333-8FDC-42A3-9474-1A3956D46DE8}") = "Infrastructure", "Infrastructure", "{799F5A5A-B77D-408F-A2C0-C962ED06DAC8}"
EndProject
Project("{2150E333-8FDC-42A3-9474-1A3956D46DE8}") = "Mongo", "Mongo", "{88BC9937-BBA2-4DD1-A282-CCEDBE3AEE36}"
EndProject
Project("{9A19103F-16F7-4668-BE54-9A1E7A4F7556}") = "Hotel.MongoDb", "Hotel.MongoDb\Hotel.MongoDb.csproj", "{2C639DD8-FB02-4E0E-9546-3FB15EA49117}"
EndProject
Project("{2150E333-8FDC-42A3-9474-1A3956D46DE8}") = "Entity", "Entity", "{125736C5-7A71-4A2E-999A-B57BF012B0ED}"
EndProject
Project("{9A19103F-16F7-4668-BE54-9A1E7A4F7556}") = "Hotel.Entity", "Hotel.Entity\Hotel.Entity.csproj", "{8C67C9F8-9FA6-42D1-BAB4-9D9ACE32A30A}"
EndProject
Project("{2150E333-8FDC-42A3-9474-1A3956D46DE8}") = "EventHandlers", "EventHandlers", "{01C2B6B7-A5F1-47BF-B4A5-6A410A62E435}"
EndProject
Project("{9A19103F-16F7-4668-BE54-9A1E7A4F7556}") = "Hotel.EventHandler", "Hotel.EventHandler\Hotel.EventHandler.csproj", "{1430B233-BBDD-43BC-B367-3B0BF7C2E2F3}"
EndProject
Project("{2150E333-8FDC-42A3-9474-1A3956D46DE8}") = "Writer", "Writer", "{C2AA8222-7179-41CA-A0B5-C4DC397AD80F}"
EndProject
Project("{FAE04EC0-301F-11D3-BF4B-00C04F79EFBC}") = "Hotel.Commands", "Hotel.Commands\Hotel.Commands.csproj", "{48A267D5-4411-497A-B26B-08D7B262DB62}"
EndProject
Global
	GlobalSection(SolutionConfigurationPlatforms) = preSolution
		Debug|Any CPU = Debug|Any CPU
		Release|Any CPU = Release|Any CPU
	EndGlobalSection
	GlobalSection(ProjectConfigurationPlatforms) = postSolution
		{1CDBCFE5-FDDC-44CA-89C4-9042A5DB96E6}.Debug|Any CPU.ActiveCfg = Debug|Any CPU
		{1CDBCFE5-FDDC-44CA-89C4-9042A5DB96E6}.Debug|Any CPU.Build.0 = Debug|Any CPU
		{1CDBCFE5-FDDC-44CA-89C4-9042A5DB96E6}.Release|Any CPU.ActiveCfg = Release|Any CPU
		{1CDBCFE5-FDDC-44CA-89C4-9042A5DB96E6}.Release|Any CPU.Build.0 = Release|Any CPU
		{0E1F3A2C-4485-4A33-A734-87BF74B18F3E}.Debug|Any CPU.ActiveCfg = Debug|Any CPU
		{0E1F3A2C-4485-4A33-A734-87BF74B18F3E}.Debug|Any CPU.Build.0 = Debug|Any CPU
		{0E1F3A2C-4485-4A33-A734-87BF74B18F3E}.Release|Any CPU.ActiveCfg = Release|Any CPU
		{0E1F3A2C-4485-4A33-A734-87BF74B18F3E}.Release|Any CPU.Build.0 = Release|Any CPU
		{2C639DD8-FB02-4E0E-9546-3FB15EA49117}.Debug|Any CPU.ActiveCfg = Debug|Any CPU
		{2C639DD8-FB02-4E0E-9546-3FB15EA49117}.Debug|Any CPU.Build.0 = Debug|Any CPU
		{2C639DD8-FB02-4E0E-9546-3FB15EA49117}.Release|Any CPU.ActiveCfg = Release|Any CPU
		{2C639DD8-FB02-4E0E-9546-3FB15EA49117}.Release|Any CPU.Build.0 = Release|Any CPU
		{8C67C9F8-9FA6-42D1-BAB4-9D9ACE32A30A}.Debug|Any CPU.ActiveCfg = Debug|Any CPU
		{8C67C9F8-9FA6-42D1-BAB4-9D9ACE32A30A}.Debug|Any CPU.Build.0 = Debug|Any CPU
		{8C67C9F8-9FA6-42D1-BAB4-9D9ACE32A30A}.Release|Any CPU.ActiveCfg = Release|Any CPU
		{8C67C9F8-9FA6-42D1-BAB4-9D9ACE32A30A}.Release|Any CPU.Build.0 = Release|Any CPU
		{1430B233-BBDD-43BC-B367-3B0BF7C2E2F3}.Debug|Any CPU.ActiveCfg = Debug|Any CPU
		{1430B233-BBDD-43BC-B367-3B0BF7C2E2F3}.Debug|Any CPU.Build.0 = Debug|Any CPU
		{1430B233-BBDD-43BC-B367-3B0BF7C2E2F3}.Release|Any CPU.ActiveCfg = Release|Any CPU
		{1430B233-BBDD-43BC-B367-3B0BF7C2E2F3}.Release|Any CPU.Build.0 = Release|Any CPU
		{48A267D5-4411-497A-B26B-08D7B262DB62}.Debug|Any CPU.ActiveCfg = Debug|Any CPU
		{48A267D5-4411-497A-B26B-08D7B262DB62}.Debug|Any CPU.Build.0 = Debug|Any CPU
		{48A267D5-4411-497A-B26B-08D7B262DB62}.Release|Any CPU.ActiveCfg = Release|Any CPU
		{48A267D5-4411-497A-B26B-08D7B262DB62}.Release|Any CPU.Build.0 = Release|Any CPU
	EndGlobalSection
	GlobalSection(SolutionProperties) = preSolution
		HideSolutionNode = FALSE
	EndGlobalSection
	GlobalSection(NestedProjects) = preSolution
		{1CDBCFE5-FDDC-44CA-89C4-9042A5DB96E6} = {9BDE4205-3F50-44ED-9DAF-283F7E9D6E30}
		{5C665964-7CB4-4B27-85F4-86CA9B8A7FF3} = {2C521FE1-D0DB-4BEB-83D7-F453452F8AAF}
		{3E241A5A-7FEE-4746-83CC-A8C2DAEC4D9A} = {5C665964-7CB4-4B27-85F4-86CA9B8A7FF3}
		{0E1F3A2C-4485-4A33-A734-87BF74B18F3E} = {3E241A5A-7FEE-4746-83CC-A8C2DAEC4D9A}
		{88BC9937-BBA2-4DD1-A282-CCEDBE3AEE36} = {799F5A5A-B77D-408F-A2C0-C962ED06DAC8}
		{2C639DD8-FB02-4E0E-9546-3FB15EA49117} = {88BC9937-BBA2-4DD1-A282-CCEDBE3AEE36}
		{8C67C9F8-9FA6-42D1-BAB4-9D9ACE32A30A} = {125736C5-7A71-4A2E-999A-B57BF012B0ED}
		{01C2B6B7-A5F1-47BF-B4A5-6A410A62E435} = {5C665964-7CB4-4B27-85F4-86CA9B8A7FF3}
		{1430B233-BBDD-43BC-B367-3B0BF7C2E2F3} = {01C2B6B7-A5F1-47BF-B4A5-6A410A62E435}
		{C2AA8222-7179-41CA-A0B5-C4DC397AD80F} = {5C665964-7CB4-4B27-85F4-86CA9B8A7FF3}
		{48A267D5-4411-497A-B26B-08D7B262DB62} = {C2AA8222-7179-41CA-A0B5-C4DC397AD80F}
	EndGlobalSection
	GlobalSection(ExtensibilityGlobals) = postSolution
		SolutionGuid = {CBC70B00-1362-4A03-B825-F5F858A5A4DE}
	EndGlobalSection
EndGlobal
